
Microsoft Visual Studio Solution File, Format Version 12.00
# Visual Studio Version 17
VisualStudioVersion = 17.5.33530.505
MinimumVisualStudioVersion = 10.0.40219.1
Project("{FAE04EC0-301F-11D3-BF4B-00C04F79EFBC}") = "CommunityWebApplication", "CommunityWebApplication\CommunityWebApplication.csproj", "{98E4FEFA-8B50-40C8-97D6-22CF0A9C6505}"
EndProject
Global
	GlobalSection(SolutionConfigurationPlatforms) = preSolution
		Debug|Any CPU = Debug|Any CPU
		Release|Any CPU = Release|Any CPU
	EndGlobalSection
	GlobalSection(ProjectConfigurationPlatforms) = postSolution
		{98E4FEFA-8B50-40C8-97D6-22CF0A9C6505}.Debug|Any CPU.ActiveCfg = Debug|Any CPU
		{98E4FEFA-8B50-40C8-97D6-22CF0A9C6505}.Debug|Any CPU.Build.0 = Debug|Any CPU
		{98E4FEFA-8B50-40C8-97D6-22CF0A9C6505}.Release|Any CPU.ActiveCfg = Release|Any CPU
		{98E4FEFA-8B50-40C8-97D6-22CF0A9C6505}.Release|Any CPU.Build.0 = Release|Any CPU
	EndGlobalSection
	GlobalSection(SolutionProperties) = preSolution
		HideSolutionNode = FALSE
	EndGlobalSection
	GlobalSection(ExtensibilityGlobals) = postSolution
		SolutionGuid = {D597BDA0-DB01-42A1-84F6-49591BE0141F}
	EndGlobalSection
EndGlobal
