
Microsoft Visual Studio Solution File, Format Version 12.00
# Visual Studio Version 17
VisualStudioVersion = 17.5.33530.505
MinimumVisualStudioVersion = 10.0.40219.1
Project("{FAE04EC0-301F-11D3-BF4B-00C04F79EFBC}") = "CommunityWebApplicationPractice", "CommunityWebApplicationPractice.csproj", "{AAA9E898-45C7-41B4-94E6-F38E354E96BE}"
EndProject
Global
	GlobalSection(SolutionConfigurationPlatforms) = preSolution
		Debug|Any CPU = Debug|Any CPU
		Release|Any CPU = Release|Any CPU
	EndGlobalSection
	GlobalSection(ProjectConfigurationPlatforms) = postSolution
		{AAA9E898-45C7-41B4-94E6-F38E354E96BE}.Debug|Any CPU.ActiveCfg = Debug|Any CPU
		{AAA9E898-45C7-41B4-94E6-F38E354E96BE}.Debug|Any CPU.Build.0 = Debug|Any CPU
		{AAA9E898-45C7-41B4-94E6-F38E354E96BE}.Release|Any CPU.ActiveCfg = Release|Any CPU
		{AAA9E898-45C7-41B4-94E6-F38E354E96BE}.Release|Any CPU.Build.0 = Release|Any CPU
	EndGlobalSection
	GlobalSection(SolutionProperties) = preSolution
		HideSolutionNode = FALSE
	EndGlobalSection
	GlobalSection(ExtensibilityGlobals) = postSolution
		SolutionGuid = {5B5DED96-6837-4103-BF02-234BF0F29CB9}
	EndGlobalSection
EndGlobal
